
Microsoft Visual Studio Solution File, Format Version 12.00
# Visual Studio 15
VisualStudioVersion = 15.0.28010.2016
MinimumVisualStudioVersion = 10.0.40219.1
Project("{2150E333-8FDC-42A3-9474-1A3956D46DE8}") = "FBP01-Framework", "FBP01-Framework", "{23C418F2-2FEE-4336-98F0-A8FC4107512B}"
EndProject
Project("{2150E333-8FDC-42A3-9474-1A3956D46DE8}") = "FBP01-Client", "FBP01-Client", "{1F7560EB-8C23-4F6B-8A61-7C87CC6AF107}"
EndProject
Project("{FAE04EC0-301F-11D3-BF4B-00C04F79EFBC}") = "FBP01.Framework", "FBP01.Framework\FBP01.Framework.csproj", "{EFF0404C-306E-4A00-BA0B-A004B0A32559}"
EndProject
Project("{FAE04EC0-301F-11D3-BF4B-00C04F79EFBC}") = "FBP01.Test", "FBP01.Test\FBP01.Test.csproj", "{4898783B-F853-4997-B578-7046F8C72F44}"
EndProject
Global
	GlobalSection(SolutionConfigurationPlatforms) = preSolution
		Debug|Any CPU = Debug|Any CPU
		Release|Any CPU = Release|Any CPU
	EndGlobalSection
	GlobalSection(ProjectConfigurationPlatforms) = postSolution
		{EFF0404C-306E-4A00-BA0B-A004B0A32559}.Debug|Any CPU.ActiveCfg = Debug|Any CPU
		{EFF0404C-306E-4A00-BA0B-A004B0A32559}.Debug|Any CPU.Build.0 = Debug|Any CPU
		{EFF0404C-306E-4A00-BA0B-A004B0A32559}.Release|Any CPU.ActiveCfg = Release|Any CPU
		{EFF0404C-306E-4A00-BA0B-A004B0A32559}.Release|Any CPU.Build.0 = Release|Any CPU
		{4898783B-F853-4997-B578-7046F8C72F44}.Debug|Any CPU.ActiveCfg = Debug|Any CPU
		{4898783B-F853-4997-B578-7046F8C72F44}.Debug|Any CPU.Build.0 = Debug|Any CPU
		{4898783B-F853-4997-B578-7046F8C72F44}.Release|Any CPU.ActiveCfg = Release|Any CPU
		{4898783B-F853-4997-B578-7046F8C72F44}.Release|Any CPU.Build.0 = Release|Any CPU
	EndGlobalSection
	GlobalSection(SolutionProperties) = preSolution
		HideSolutionNode = FALSE
	EndGlobalSection
	GlobalSection(NestedProjects) = preSolution
		{EFF0404C-306E-4A00-BA0B-A004B0A32559} = {23C418F2-2FEE-4336-98F0-A8FC4107512B}
		{4898783B-F853-4997-B578-7046F8C72F44} = {1F7560EB-8C23-4F6B-8A61-7C87CC6AF107}
	EndGlobalSection
	GlobalSection(ExtensibilityGlobals) = postSolution
		SolutionGuid = {5461439E-7E3A-4B57-8332-09C86A0A8F28}
	EndGlobalSection
EndGlobal
